Microsoft Visual Studio Solution File, Format Version 12.00
# Visual Studio Version 18
VisualStudioVersion = 18.0.0.0
MinimumVisualStudioVersion = 10.0.40219.1
Project("{FAE04EC0-301F-11D3-BF4B-00C04F79EFBC}") = "GeniaLink.Core", "src\GeniaLink.Core\GeniaLink.Core.csproj", "{A24DBEE1-4739-47DC-B5DD-B4D991580001}"
EndProject
Project("{FAE04EC0-301F-11D3-BF4B-00C04F79EFBC}") = "GeniaLink.Windows", "src\GeniaLink.Windows\GeniaLink.Windows.csproj", "{A24DBEE1-4739-47DC-B5DD-B4D991580002}"
EndProject
Project("{FAE04EC0-301F-11D3-BF4B-00C04F79EFBC}") = "GeniaLink.SelfTest", "src\GeniaLink.SelfTest\GeniaLink.SelfTest.csproj", "{A24DBEE1-4739-47DC-B5DD-B4D991580003}"
EndProject
Project("{FAE04EC0-301F-11D3-BF4B-00C04F79EFBC}") = "GeniaLink.Android", "src\GeniaLink.Android\GeniaLink.Android.csproj", "{A24DBEE1-4739-47DC-B5DD-B4D991580004}"
EndProject
Global
	GlobalSection(SolutionConfigurationPlatforms) = preSolution
		Debug|Any CPU = Debug|Any CPU
		Release|Any CPU = Release|Any CPU
	EndGlobalSection
	GlobalSection(ProjectConfigurationPlatforms) = postSolution
		{A24DBEE1-4739-47DC-B5DD-B4D991580001}.Debug|Any CPU.ActiveCfg = Debug|Any CPU
		{A24DBEE1-4739-47DC-B5DD-B4D991580001}.Debug|Any CPU.Build.0 = Debug|Any CPU
		{A24DBEE1-4739-47DC-B5DD-B4D991580001}.Release|Any CPU.ActiveCfg = Release|Any CPU
		{A24DBEE1-4739-47DC-B5DD-B4D991580001}.Release|Any CPU.Build.0 = Release|Any CPU
		{A24DBEE1-4739-47DC-B5DD-B4D991580002}.Debug|Any CPU.ActiveCfg = Debug|Any CPU
		{A24DBEE1-4739-47DC-B5DD-B4D991580002}.Debug|Any CPU.Build.0 = Debug|Any CPU
		{A24DBEE1-4739-47DC-B5DD-B4D991580002}.Release|Any CPU.ActiveCfg = Release|Any CPU
		{A24DBEE1-4739-47DC-B5DD-B4D991580002}.Release|Any CPU.Build.0 = Release|Any CPU
		{A24DBEE1-4739-47DC-B5DD-B4D991580003}.Debug|Any CPU.ActiveCfg = Debug|Any CPU
		{A24DBEE1-4739-47DC-B5DD-B4D991580003}.Debug|Any CPU.Build.0 = Debug|Any CPU
		{A24DBEE1-4739-47DC-B5DD-B4D991580003}.Release|Any CPU.ActiveCfg = Release|Any CPU
		{A24DBEE1-4739-47DC-B5DD-B4D991580003}.Release|Any CPU.Build.0 = Release|Any CPU
		{A24DBEE1-4739-47DC-B5DD-B4D991580004}.Debug|Any CPU.ActiveCfg = Debug|Any CPU
		{A24DBEE1-4739-47DC-B5DD-B4D991580004}.Debug|Any CPU.Build.0 = Debug|Any CPU
		{A24DBEE1-4739-47DC-B5DD-B4D991580004}.Debug|Any CPU.Deploy.0 = Debug|Any CPU
		{A24DBEE1-4739-47DC-B5DD-B4D991580004}.Release|Any CPU.ActiveCfg = Release|Any CPU
		{A24DBEE1-4739-47DC-B5DD-B4D991580004}.Release|Any CPU.Build.0 = Release|Any CPU
		{A24DBEE1-4739-47DC-B5DD-B4D991580004}.Release|Any CPU.Deploy.0 = Release|Any CPU
	EndGlobalSection
	GlobalSection(SolutionProperties) = preSolution
		HideSolutionNode = FALSE
	EndGlobalSection
EndGlobal
